
Microsoft Visual Studio Solution File, Format Version 12.00
# Visual Studio Version 17
VisualStudioVersion = 17.8.34322.80
MinimumVisualStudioVersion = 10.0.40219.1
Project("{FAE04EC0-301F-11D3-BF4B-00C04F79EFBC}") = "ComputerWebShopApp", "ComputerWebShopApp\ComputerWebShopApp.csproj", "{D4AD9AF1-1DB0-427A-9CDC-93329F80805C}"
EndProject
Project("{FAE04EC0-301F-11D3-BF4B-00C04F79EFBC}") = "ComputerShopDomainLibrary", "ComputerShopDomainLibrary\ComputerShopDomainLibrary.csproj", "{871D170A-06AF-4FD9-AA6B-DA408FD385AE}"
EndProject
Global
	GlobalSection(SolutionConfigurationPlatforms) = preSolution
		Debug|Any CPU = Debug|Any CPU
		Release|Any CPU = Release|Any CPU
	EndGlobalSection
	GlobalSection(ProjectConfigurationPlatforms) = postSolution
		{D4AD9AF1-1DB0-427A-9CDC-93329F80805C}.Debug|Any CPU.ActiveCfg = Debug|Any CPU
		{D4AD9AF1-1DB0-427A-9CDC-93329F80805C}.Debug|Any CPU.Build.0 = Debug|Any CPU
		{D4AD9AF1-1DB0-427A-9CDC-93329F80805C}.Release|Any CPU.ActiveCfg = Release|Any CPU
		{D4AD9AF1-1DB0-427A-9CDC-93329F80805C}.Release|Any CPU.Build.0 = Release|Any CPU
		{871D170A-06AF-4FD9-AA6B-DA408FD385AE}.Debug|Any CPU.ActiveCfg = Debug|Any CPU
		{871D170A-06AF-4FD9-AA6B-DA408FD385AE}.Debug|Any CPU.Build.0 = Debug|Any CPU
		{871D170A-06AF-4FD9-AA6B-DA408FD385AE}.Release|Any CPU.ActiveCfg = Release|Any CPU
		{871D170A-06AF-4FD9-AA6B-DA408FD385AE}.Release|Any CPU.Build.0 = Release|Any CPU
	EndGlobalSection
	GlobalSection(SolutionProperties) = preSolution
		HideSolutionNode = FALSE
	EndGlobalSection
	GlobalSection(ExtensibilityGlobals) = postSolution
		SolutionGuid = {01D3CEC0-3CEE-4A6E-B0B4-1F8C1475B59E}
	EndGlobalSection
EndGlobal
